PODS:
  - app_settings (5.1.1):
    - Flutter
  - Flutter (1.0.0)

DEPENDENCIES:
  - app_settings (from `.symlinks/plugins/app_settings/ios`)
  - Flutter (from `Flutter`)

EXTERNAL SOURCES:
  app_settings:
    :path: ".symlinks/plugins/app_settings/ios"
  Flutter:
    :path: Flutter

SPEC CHECKSUMS:
  app_settings: 3507c575c2b18a462c99948f61d5de21d4420999
  Flutter: cabc95a1d2626b1b06e7179b784ebcf0c0cde467

PODFILE CHECKSUM: 061fedd32665a0c24bfe28c20c523a8ebdd352c6

COCOAPODS: 1.16.2
